{
    "name": "context-event-client",
    "version": "0.5.0",
    "lockfileVersion": 3,
    "requires": true,
    "packages": {
        "": {
            "name": "context-event-client",
            "version": "0.5.0",
            "license": "ISC",
            "dependencies": {
                "@types/eventsource": "^1.1.10",
                "event-source-polyfill": "1.0.31",
                "rxjs": "^7.8.0"
            },
            "devDependencies": {
                "@angular/core": "^15.0.4",
                "typescript": "^4.8.4",
                "zone.js": "^0.12.0"
            }
        },
        "node_modules/@angular/core": {
            "version": "15.0.4",
            "resolved": "https://registry.npmjs.org/@angular/core/-/core-15.0.4.tgz",
            "integrity": "sha512-Xf8Nuu0iM/VjQHPS4A0jufqTYZCfiGqc0iAD7j9zM3TD6caQ3OP4mxXVYYTpIG+APKel38+Gol8cpQB/8PVbqQ==",
            "dev": true,
            "dependencies": {
                "tslib": "^2.3.0"
            },
            "engines": {
                "node": "^14.20.0 || ^16.13.0 || >=18.10.0"
            },
            "peerDependencies": {
                "rxjs": "^6.5.3 || ^7.4.0",
                "zone.js": "~0.11.4 || ~0.12.0"
            }
        },
        "node_modules/@types/eventsource": {
            "version": "1.1.10",
            "resolved": "https://registry.npmjs.org/@types/eventsource/-/eventsource-1.1.10.tgz",
            "integrity": "sha512-rYzRmJSnm44Xb7FICRXEjwe/26ZiiS+VMGmuD17PevMP56cGgLEsaM955sYQW0S+K7h+mPOL70vGf1hi4WDjVA=="
        },
        "node_modules/event-source-polyfill": {
            "version": "1.0.31",
            "resolved": "https://registry.npmjs.org/event-source-polyfill/-/event-source-polyfill-1.0.31.tgz",
            "integrity": "sha512-4IJSItgS/41IxN5UVAVuAyczwZF7ZIEsM1XAoUzIHA6A+xzusEZUutdXz2Nr+MQPLxfTiCvqE79/C8HT8fKFvA=="
        },
        "node_modules/rxjs": {
            "version": "7.8.0",
            "resolved": "https://registry.npmjs.org/rxjs/-/rxjs-7.8.0.tgz",
            "integrity": "sha512-F2+gxDshqmIub1KdvZkaEfGDwLNpPvk9Fs6LD/MyQxNgMds/WH9OdDDXOmxUZpME+iSK3rQCctkL0DYyytUqMg==",
            "dependencies": {
                "tslib": "^2.1.0"
            }
        },
        "node_modules/tslib": {
            "version": "2.4.1",
            "resolved": "https://registry.npmjs.org/tslib/-/tslib-2.4.1.tgz",
            "integrity": "sha512-tGyy4dAjRIEwI7BzsB0lynWgOpfqjUdq91XXAlIWD2OwKBH7oCl/GZG/HT4BOHrTlPMOASlMQ7veyTqpmRcrNA=="
        },
        "node_modules/typescript": {
            "version": "4.9.4",
            "resolved": "https://registry.npmjs.org/typescript/-/typescript-4.9.4.tgz",
            "integrity": "sha512-Uz+dTXYzxXXbsFpM86Wh3dKCxrQqUcVMxwU54orwlJjOpO3ao8L7j5lH+dWfTwgCwIuM9GQ2kvVotzYJMXTBZg==",
            "dev": true,
            "bin": {
                "tsc": "bin/tsc",
                "tsserver": "bin/tsserver"
            },
            "engines": {
                "node": ">=4.2.0"
            }
        },
        "node_modules/zone.js": {
            "version": "0.12.0",
            "resolved": "https://registry.npmjs.org/zone.js/-/zone.js-0.12.0.tgz",
            "integrity": "sha512-XtC+I5dXU14HrzidAKBNMqneIVUykLEAA1x+v4KVrd6AUPWlwYORF8KgsVqvgdHiKZ4BkxxjvYi/ksEixTPR0Q==",
            "dev": true,
            "dependencies": {
                "tslib": "^2.3.0"
            }
        }
    }
}
